// !$*UTF8*$!
{
	archiveVersion = 1;
	classes = {
	};
	objectVersion = 55;
	objects = {

/* Begin PBXBuildFile section */
		570480BA2863042200173236 /* APICaller.swift in Sources */ = {isa = PBXBuildFile; fileRef = 570480B92863042200173236 /* APICaller.swift */; };
		570480BC2863351700173236 /* Title.swift in Sources */ = {isa = PBXBuildFile; fileRef = 570480BB2863351700173236 /* Title.swift */; };
		570480BE2863467E00173236 /* Extension_Str.swift in Sources */ = {isa = PBXBuildFile; fileRef = 570480BD2863467E00173236 /* Extension_Str.swift */; };
		570480C4286371C500173236 /* TitleCollectionViewCell.swift in Sources */ = {isa = PBXBuildFile; fileRef = 570480C3286371C500173236 /* TitleCollectionViewCell.swift */; };
		570480C7286371F900173236 /* Kingfisher in Frameworks */ = {isa = PBXBuildFile; productRef = 570480C6286371F900173236 /* Kingfisher */; };
		570480DC2865BB5700173236 /* TitleViewModel.swift in Sources */ = {isa = PBXBuildFile; fileRef = 570480DB2865BB5700173236 /* TitleViewModel.swift */; };
		570480DE2865BB9500173236 /* TitleTableViewCell.swift in Sources */ = {isa = PBXBuildFile; fileRef = 570480DD2865BB9500173236 /* TitleTableViewCell.swift */; };
		57608DF72859A0C200BE6EC6 /* AppDelegate.swift in Sources */ = {isa = PBXBuildFile; fileRef = 57608DF62859A0C200BE6EC6 /* AppDelegate.swift */; };
		57608DF92859A0C200BE6EC6 /* SceneDelegate.swift in Sources */ = {isa = PBXBuildFile; fileRef = 57608DF82859A0C200BE6EC6 /* SceneDelegate.swift */; };
		57608DFB2859A0C200BE6EC6 /* MainTabBarViewController.swift in Sources */ = {isa = PBXBuildFile; fileRef = 57608DFA2859A0C200BE6EC6 /* MainTabBarViewController.swift */; };
		57608E002859A0C300BE6EC6 /* Assets.xcassets in Resources */ = {isa = PBXBuildFile; fileRef = 57608DFF2859A0C300BE6EC6 /* Assets.xcassets */; };
		57608E032859A0C300BE6EC6 /* LaunchScreen.storyboard in Resources */ = {isa = PBXBuildFile; fileRef = 57608E012859A0C300BE6EC6 /* LaunchScreen.storyboard */; };
		57608E0C2859A43100BE6EC6 /* HomeViewController.swift in Sources */ = {isa = PBXBuildFile; fileRef = 57608E0B2859A43100BE6EC6 /* HomeViewController.swift */; };
		57608E0E2859A45200BE6EC6 /* UpcomingViewController.swift in Sources */ = {isa = PBXBuildFile; fileRef = 57608E0D2859A45200BE6EC6 /* UpcomingViewController.swift */; };
		57608E102859A49A00BE6EC6 /* SearchViewController.swift in Sources */ = {isa = PBXBuildFile; fileRef = 57608E0F2859A49A00BE6EC6 /* SearchViewController.swift */; };
		57608E122859A4BD00BE6EC6 /* DownloadsViewController.swift in Sources */ = {isa = PBXBuildFile; fileRef = 57608E112859A4BD00BE6EC6 /* DownloadsViewController.swift */; };
		57608E192859E51800BE6EC6 /* CollectionViewTableViewCell.swift in Sources */ = {isa = PBXBuildFile; fileRef = 57608E182859E51800BE6EC6 /* CollectionViewTableViewCell.swift */; };
		57608E1B285B22F000BE6EC6 /* HeaderUIView.swift in Sources */ = {isa = PBXBuildFile; fileRef = 57608E1A285B22F000BE6EC6 /* HeaderUIView.swift */; };
/* End PBXBuildFile section */

/* Begin PBXFileReference section */
		570480B92863042200173236 /* APICaller.swift */ = {isa = PBXFileReference; lastKnownFileType = sourcecode.swift; path = APICaller.swift; sourceTree = "<group>"; };
		570480BB2863351700173236 /* Title.swift */ = {isa = PBXFileReference; lastKnownFileType = sourcecode.swift; path = Title.swift; sourceTree = "<group>"; };
		570480BD2863467E00173236 /* Extension_Str.swift */ = {isa = PBXFileReference; lastKnownFileType = sourcecode.swift; path = Extension_Str.swift; sourceTree = "<group>"; };
		570480C3286371C500173236 /* TitleCollectionViewCell.swift */ = {isa = PBXFileReference; lastKnownFileType = sourcecode.swift; path = TitleCollectionViewCell.swift; sourceTree = "<group>"; };
		570480DB2865BB5700173236 /* TitleViewModel.swift */ = {isa = PBXFileReference; lastKnownFileType = sourcecode.swift; path = TitleViewModel.swift; sourceTree = "<group>"; };
		570480DD2865BB9500173236 /* TitleTableViewCell.swift */ = {isa = PBXFileReference; lastKnownFileType = sourcecode.swift; path = TitleTableViewCell.swift; sourceTree = "<group>"; };
		57608DF32859A0C200BE6EC6 /* Netflix Clone.app */ = {isa = PBXFileReference; explicitFileType = wrapper.application; includeInIndex = 0; path = "Netflix Clone.app"; sourceTree = BUILT_PRODUCTS_DIR; };
		57608DF62859A0C200BE6EC6 /* AppDelegate.swift */ = {isa = PBXFileReference; lastKnownFileType = sourcecode.swift; path = AppDelegate.swift; sourceTree = "<group>"; };
		57608DF82859A0C200BE6EC6 /* SceneDelegate.swift */ = {isa = PBXFileReference; lastKnownFileType = sourcecode.swift; path = SceneDelegate.swift; sourceTree = "<group>"; };
		57608DFA2859A0C200BE6EC6 /* MainTabBarViewController.swift */ = {isa = PBXFileReference; lastKnownFileType = sourcecode.swift; path = MainTabBarViewController.swift; sourceTree = "<group>"; };
		57608DFF2859A0C300BE6EC6 /* Assets.xcassets */ = {isa = PBXFileReference; lastKnownFileType = folder.assetcatalog; path = Assets.xcassets; sourceTree = "<group>"; };
		57608E022859A0C300BE6EC6 /* Base */ = {isa = PBXFileReference; lastKnownFileType = file.storyboard; name = Base; path = Base.lproj/LaunchScreen.storyboard; sourceTree = "<group>"; };
		57608E042859A0C300BE6EC6 /* Info.plist */ = {isa = PBXFileReference; lastKnownFileType = text.plist.xml; path = Info.plist; sourceTree = "<group>"; };
		57608E0B2859A43100BE6EC6 /* HomeViewController.swift */ = {isa = PBXFileReference; lastKnownFileType = sourcecode.swift; path = HomeViewController.swift; sourceTree = "<group>"; };
		57608E0D2859A45200BE6EC6 /* UpcomingViewController.swift */ = {isa = PBXFileReference; lastKnownFileType = sourcecode.swift; path = UpcomingViewController.swift; sourceTree = "<group>"; };
		57608E0F2859A49A00BE6EC6 /* SearchViewController.swift */ = {isa = PBXFileReference; lastKnownFileType = sourcecode.swift; path = SearchViewController.swift; sourceTree = "<group>"; };
		57608E112859A4BD00BE6EC6 /* DownloadsViewController.swift */ = {isa = PBXFileReference; lastKnownFileType = sourcecode.swift; path = DownloadsViewController.swift; sourceTree = "<group>"; };
		57608E182859E51800BE6EC6 /* CollectionViewTableViewCell.swift */ = {isa = PBXFileReference; lastKnownFileType = sourcecode.swift; path = CollectionViewTableViewCell.swift; sourceTree = "<group>"; };
		57608E1A285B22F000BE6EC6 /* HeaderUIView.swift */ = {isa = PBXFileReference; lastKnownFileType = sourcecode.swift; path = HeaderUIView.swift; sourceTree = "<group>"; };
/* End PBXFileReference section */

/* Begin PBXFrameworksBuildPhase section */
		57608DF02859A0C200BE6EC6 /* Frameworks */ = {
			isa = PBXFrameworksBuildPhase;
			buildActionMask = 2147483647;
			files = (
				570480C7286371F900173236 /* Kingfisher in Frameworks */,
			);
			runOnlyForDeploymentPostprocessing = 0;
		};
/* End PBXFrameworksBuildPhase section */

/* Begin PBXGroup section */
		570480DA2865BB1500173236 /* ViewModels */ = {
			isa = PBXGroup;
			children = (
				570480DB2865BB5700173236 /* TitleViewModel.swift */,
			);
			path = ViewModels;
			sourceTree = "<group>";
		};
		57608DEA2859A0C200BE6EC6 = {
			isa = PBXGroup;
			children = (
				57608DF52859A0C200BE6EC6 /* Netflix Clone */,
				57608DF42859A0C200BE6EC6 /* Products */,
			);
			sourceTree = "<group>";
		};
		57608DF42859A0C200BE6EC6 /* Products */ = {
			isa = PBXGroup;
			children = (
				57608DF32859A0C200BE6EC6 /* Netflix Clone.app */,
			);
			name = Products;
			sourceTree = "<group>";
		};
		57608DF52859A0C200BE6EC6 /* Netflix Clone */ = {
			isa = PBXGroup;
			children = (
				570480DA2865BB1500173236 /* ViewModels */,
				57608E172859E1B300BE6EC6 /* Managers */,
				57608E132859E17000BE6EC6 /* Resourses */,
				57608E142859E17900BE6EC6 /* Models */,
				57608E152859E18300BE6EC6 /* Views */,
				57608E0A2859A41F00BE6EC6 /* Controllers */,
				57608DF62859A0C200BE6EC6 /* AppDelegate.swift */,
				57608DF82859A0C200BE6EC6 /* SceneDelegate.swift */,
				57608DFA2859A0C200BE6EC6 /* MainTabBarViewController.swift */,
				57608E012859A0C300BE6EC6 /* LaunchScreen.storyboard */,
				57608E042859A0C300BE6EC6 /* Info.plist */,
			);
			path = "Netflix Clone";
			sourceTree = "<group>";
		};
		57608E0A2859A41F00BE6EC6 /* Controllers */ = {
			isa = PBXGroup;
			children = (
				57608E0B2859A43100BE6EC6 /* HomeViewController.swift */,
				57608E0D2859A45200BE6EC6 /* UpcomingViewController.swift */,
				57608E0F2859A49A00BE6EC6 /* SearchViewController.swift */,
				57608E112859A4BD00BE6EC6 /* DownloadsViewController.swift */,
			);
			path = Controllers;
			sourceTree = "<group>";
		};
		57608E132859E17000BE6EC6 /* Resourses */ = {
			isa = PBXGroup;
			children = (
				57608DFF2859A0C300BE6EC6 /* Assets.xcassets */,
				570480BD2863467E00173236 /* Extension_Str.swift */,
			);
			path = Resourses;
			sourceTree = "<group>";
		};
		57608E142859E17900BE6EC6 /* Models */ = {
			isa = PBXGroup;
			children = (
				570480BB2863351700173236 /* Title.swift */,
			);
			path = Models;
			sourceTree = "<group>";
		};
		57608E152859E18300BE6EC6 /* Views */ = {
			isa = PBXGroup;
			children = (
				57608E182859E51800BE6EC6 /* CollectionViewTableViewCell.swift */,
				57608E1A285B22F000BE6EC6 /* HeaderUIView.swift */,
				570480C3286371C500173236 /* TitleCollectionViewCell.swift */,
				570480DD2865BB9500173236 /* TitleTableViewCell.swift */,
			);
			path = Views;
			sourceTree = "<group>";
		};
		57608E172859E1B300BE6EC6 /* Managers */ = {
			isa = PBXGroup;
			children = (
				570480B92863042200173236 /* APICaller.swift */,
			);
			path = Managers;
			sourceTree = "<group>";
		};
/* End PBXGroup section */

/* Begin PBXNativeTarget section */
		57608DF22859A0C200BE6EC6 /* Netflix Clone */ = {
			isa = PBXNativeTarget;
			buildConfigurationList = 57608E072859A0C300BE6EC6 /* Build configuration list for PBXNativeTarget "Netflix Clone" */;
			buildPhases = (
				57608DEF2859A0C200BE6EC6 /* Sources */,
				57608DF02859A0C200BE6EC6 /* Frameworks */,
				57608DF12859A0C200BE6EC6 /* Resources */,
			);
			buildRules = (
			);
			dependencies = (
			);
			name = "Netflix Clone";
			packageProductDependencies = (
				570480C6286371F900173236 /* Kingfisher */,
			);
			productName = "Netflix Clone";
			productReference = 57608DF32859A0C200BE6EC6 /* Netflix Clone.app */;
			productType = "com.apple.product-type.application";
		};
/* End PBXNativeTarget section */

/* Begin PBXProject section */
		57608DEB2859A0C200BE6EC6 /* Project object */ = {
			isa = PBXProject;
			attributes = {
				BuildIndependentTargetsInParallel = 1;
				LastSwiftUpdateCheck = 1330;
				LastUpgradeCheck = 1330;
				TargetAttributes = {
					57608DF22859A0C200BE6EC6 = {
						CreatedOnToolsVersion = 13.3.1;
					};
				};
			};
			buildConfigurationList = 57608DEE2859A0C200BE6EC6 /* Build configuration list for PBXProject "Netflix Clone" */;
			compatibilityVersion = "Xcode 13.0";
			developmentRegion = en;
			hasScannedForEncodings = 0;
			knownRegions = (
				en,
				Base,
			);
			mainGroup = 57608DEA2859A0C200BE6EC6;
			packageReferences = (
				570480C5286371F900173236 /* XCRemoteSwiftPackageReference "Kingfisher" */,
			);
			productRefGroup = 57608DF42859A0C200BE6EC6 /* Products */;
			projectDirPath = "";
			projectRoot = "";
			targets = (
				57608DF22859A0C200BE6EC6 /* Netflix Clone */,
			);
		};
/* End PBXProject section */

/* Begin PBXResourcesBuildPhase section */
		57608DF12859A0C200BE6EC6 /* Resources */ = {
			isa = PBXResourcesBuildPhase;
			buildActionMask = 2147483647;
			files = (
				57608E032859A0C300BE6EC6 /* LaunchScreen.storyboard in Resources */,
				57608E002859A0C300BE6EC6 /* Assets.xcassets in Resources */,
			);
			runOnlyForDeploymentPostprocessing = 0;
		};
/* End PBXResourcesBuildPhase section */

/* Begin PBXSourcesBuildPhase section */
		57608DEF2859A0C200BE6EC6 /* Sources */ = {
			isa = PBXSourcesBuildPhase;
			buildActionMask = 2147483647;
			files = (
				57608E102859A49A00BE6EC6 /* SearchViewController.swift in Sources */,
				570480C4286371C500173236 /* TitleCollectionViewCell.swift in Sources */,
				57608DFB2859A0C200BE6EC6 /* MainTabBarViewController.swift in Sources */,
				57608E192859E51800BE6EC6 /* CollectionViewTableViewCell.swift in Sources */,
				570480BE2863467E00173236 /* Extension_Str.swift in Sources */,
				570480BA2863042200173236 /* APICaller.swift in Sources */,
				57608E1B285B22F000BE6EC6 /* HeaderUIView.swift in Sources */,
				57608E122859A4BD00BE6EC6 /* DownloadsViewController.swift in Sources */,
				57608DF72859A0C200BE6EC6 /* AppDelegate.swift in Sources */,
				57608DF92859A0C200BE6EC6 /* SceneDelegate.swift in Sources */,
				570480DE2865BB9500173236 /* TitleTableViewCell.swift in Sources */,
				57608E0E2859A45200BE6EC6 /* UpcomingViewController.swift in Sources */,
				570480DC2865BB5700173236 /* TitleViewModel.swift in Sources */,
				570480BC2863351700173236 /* Title.swift in Sources */,
				57608E0C2859A43100BE6EC6 /* HomeViewController.swift in Sources */,
			);
			runOnlyForDeploymentPostprocessing = 0;
		};
/* End PBXSourcesBuildPhase section */

/* Begin PBXVariantGroup section */
		57608E012859A0C300BE6EC6 /* LaunchScreen.storyboard */ = {
			isa = PBXVariantGroup;
			children = (
				57608E022859A0C300BE6EC6 /* Base */,
			);
			name = LaunchScreen.storyboard;
			sourceTree = "<group>";
		};
/* End PBXVariantGroup section */

/* Begin XCBuildConfiguration section */
		57608E052859A0C300BE6EC6 /* Debug */ = {
			isa = XCBuildConfiguration;
			buildSettings = {
				ALWAYS_SEARCH_USER_PATHS = NO;
				CLANG_ANALYZER_NONNULL = YES;
				CLANG_ANALYZER_NUMBER_OBJECT_CONVERSION = YES_AGGRESSIVE;
				CLANG_CXX_LANGUAGE_STANDARD = "gnu++17";
				CLANG_ENABLE_MODULES = YES;
				CLANG_ENABLE_OBJC_ARC = YES;
				CLANG_ENABLE_OBJC_WEAK = YES;
				CLANG_WARN_BLOCK_CAPTURE_AUTORELEASING = YES;
				CLANG_WARN_BOOL_CONVERSION = YES;
				CLANG_WARN_COMMA = YES;
				CLANG_WARN_CONSTANT_CONVERSION = YES;
				CLANG_WARN_DEPRECATED_OBJC_IMPLEMENTATIONS = YES;
				CLANG_WARN_DIRECT_OBJC_ISA_USAGE = YES_ERROR;
				CLANG_WARN_DOCUMENTATION_COMMENTS = YES;
				CLANG_WARN_EMPTY_BODY = YES;
				CLANG_WARN_ENUM_CONVERSION = YES;
				CLANG_WARN_INFINITE_RECURSION = YES;
				CLANG_WARN_INT_CONVERSION = YES;
				CLANG_WARN_NON_LITERAL_NULL_CONVERSION = YES;
				CLANG_WARN_OBJC_IMPLICIT_RETAIN_SELF = YES;
				CLANG_WARN_OBJC_LITERAL_CONVERSION = YES;
				CLANG_WARN_OBJC_ROOT_CLASS = YES_ERROR;
				CLANG_WARN_QUOTED_INCLUDE_IN_FRAMEWORK_HEADER = YES;
				CLANG_WARN_RANGE_LOOP_ANALYSIS = YES;
				CLANG_WARN_STRICT_PROTOTYPES = YES;
				CLANG_WARN_SUSPICIOUS_MOVE = YES;
				CLANG_WARN_UNGUARDED_AVAILABILITY = YES_AGGRESSIVE;
				CLANG_WARN_UNREACHABLE_CODE = YES;
				CLANG_WARN__DUPLICATE_METHOD_MATCH = YES;
				COPY_PHASE_STRIP = NO;
				DEBUG_INFORMATION_FORMAT = dwarf;
				ENABLE_STRICT_OBJC_MSGSEND = YES;
				ENABLE_TESTABILITY = YES;
				GCC_C_LANGUAGE_STANDARD = gnu11;
				GCC_DYNAMIC_NO_PIC = NO;
				GCC_NO_COMMON_BLOCKS = YES;
				GCC_OPTIMIZATION_LEVEL = 0;
				GCC_PREPROCESSOR_DEFINITIONS = (
					"DEBUG=1",
					"$(inherited)",
				);
				GCC_WARN_64_TO_32_BIT_CONVERSION = YES;
				GCC_WARN_ABOUT_RETURN_TYPE = YES_ERROR;
				GCC_WARN_UNDECLARED_SELECTOR = YES;
				GCC_WARN_UNINITIALIZED_AUTOS = YES_AGGRESSIVE;
				GCC_WARN_UNUSED_FUNCTION = YES;
				GCC_WARN_UNUSED_VARIABLE = YES;
				IPHONEOS_DEPLOYMENT_TARGET = 15.4;
				MTL_ENABLE_DEBUG_INFO = INCLUDE_SOURCE;
				MTL_FAST_MATH = YES;
				ONLY_ACTIVE_ARCH = YES;
				SDKROOT = iphoneos;
				SWIFT_ACTIVE_COMPILATION_CONDITIONS = DEBUG;
				SWIFT_OPTIMIZATION_LEVEL = "-Onone";
			};
			name = Debug;
		};
		57608E062859A0C300BE6EC6 /* Release */ = {
			isa = XCBuildConfiguration;
			buildSettings = {
				ALWAYS_SEARCH_USER_PATHS = NO;
				CLANG_ANALYZER_NONNULL = YES;
				CLANG_ANALYZER_NUMBER_OBJECT_CONVERSION = YES_AGGRESSIVE;
				CLANG_CXX_LANGUAGE_STANDARD = "gnu++17";
				CLANG_ENABLE_MODULES = YES;
				CLANG_ENABLE_OBJC_ARC = YES;
				CLANG_ENABLE_OBJC_WEAK = YES;
				CLANG_WARN_BLOCK_CAPTURE_AUTORELEASING = YES;
				CLANG_WARN_BOOL_CONVERSION = YES;
				CLANG_WARN_COMMA = YES;
				CLANG_WARN_CONSTANT_CONVERSION = YES;
				CLANG_WARN_DEPRECATED_OBJC_IMPLEMENTATIONS = YES;
				CLANG_WARN_DIRECT_OBJC_ISA_USAGE = YES_ERROR;
				CLANG_WARN_DOCUMENTATION_COMMENTS = YES;
				CLANG_WARN_EMPTY_BODY = YES;
				CLANG_WARN_ENUM_CONVERSION = YES;
				CLANG_WARN_INFINITE_RECURSION = YES;
				CLANG_WARN_INT_CONVERSION = YES;
				CLANG_WARN_NON_LITERAL_NULL_CONVERSION = YES;
				CLANG_WARN_OBJC_IMPLICIT_RETAIN_SELF = YES;
				CLANG_WARN_OBJC_LITERAL_CONVERSION = YES;
				CLANG_WARN_OBJC_ROOT_CLASS = YES_ERROR;
				CLANG_WARN_QUOTED_INCLUDE_IN_FRAMEWORK_HEADER = YES;
				CLANG_WARN_RANGE_LOOP_ANALYSIS = YES;
				CLANG_WARN_STRICT_PROTOTYPES = YES;
				CLANG_WARN_SUSPICIOUS_MOVE = YES;
				CLANG_WARN_UNGUARDED_AVAILABILITY = YES_AGGRESSIVE;
				CLANG_WARN_UNREACHABLE_CODE = YES;
				CLANG_WARN__DUPLICATE_METHOD_MATCH = YES;
				COPY_PHASE_STRIP = NO;
				DEBUG_INFORMATION_FORMAT = "dwarf-with-dsym";
				ENABLE_NS_ASSERTIONS = NO;
				ENABLE_STRICT_OBJC_MSGSEND = YES;
				GCC_C_LANGUAGE_STANDARD = gnu11;
				GCC_NO_COMMON_BLOCKS = YES;
				GCC_WARN_64_TO_32_BIT_CONVERSION = YES;
				GCC_WARN_ABOUT_RETURN_TYPE = YES_ERROR;
				GCC_WARN_UNDECLARED_SELECTOR = YES;
				GCC_WARN_UNINITIALIZED_AUTOS = YES_AGGRESSIVE;
				GCC_WARN_UNUSED_FUNCTION = YES;
				GCC_WARN_UNUSED_VARIABLE = YES;
				IPHONEOS_DEPLOYMENT_TARGET = 15.4;
				MTL_ENABLE_DEBUG_INFO = NO;
				MTL_FAST_MATH = YES;
				SDKROOT = iphoneos;
				SWIFT_COMPILATION_MODE = wholemodule;
				SWIFT_OPTIMIZATION_LEVEL = "-O";
				VALIDATE_PRODUCT = YES;
			};
			name = Release;
		};
		57608E082859A0C300BE6EC6 /* Debug */ = {
			isa = XCBuildConfiguration;
			buildSettings = {
				ASSETCATALOG_COMPILER_APPICON_NAME = AppIcon;
				ASSETCATALOG_COMPILER_GLOBAL_ACCENT_COLOR_NAME = AccentColor;
				CODE_SIGN_STYLE = Automatic;
				CURRENT_PROJECT_VERSION = 1;
				GENERATE_INFOPLIST_FILE = YES;
				INFOPLIST_FILE = "Netflix Clone/Info.plist";
				INFOPLIST_KEY_UIApplicationSupportsIndirectInputEvents = YES;
				INFOPLIST_KEY_UILaunchStoryboardName = LaunchScreen;
				INFOPLIST_KEY_UISupportedInterfaceOrientations_iPad = "UIInterfaceOrientationPortrait UIInterfaceOrientationPortraitUpsideDown UIInterfaceOrientationLandscapeLeft UIInterfaceOrientationLandscapeRight";
				INFOPLIST_KEY_UISupportedInterfaceOrientations_iPhone = "UIInterfaceOrientationPortrait UIInterfaceOrientationLandscapeLeft UIInterfaceOrientationLandscapeRight";
				LD_RUNPATH_SEARCH_PATHS = (
					"$(inherited)",
					"@executable_path/Frameworks",
				);
				MARKETING_VERSION = 1.0;
				PRODUCT_BUNDLE_IDENTIFIER = "rauan.Netflix-Clone";
				PRODUCT_NAME = "$(TARGET_NAME)";
				SWIFT_EMIT_LOC_STRINGS = YES;
				SWIFT_VERSION = 5.0;
				TARGETED_DEVICE_FAMILY = "1,2";
			};
			name = Debug;
		};
		57608E092859A0C300BE6EC6 /* Release */ = {
			isa = XCBuildConfiguration;
			buildSettings = {
				ASSETCATALOG_COMPILER_APPICON_NAME = AppIcon;
				ASSETCATALOG_COMPILER_GLOBAL_ACCENT_COLOR_NAME = AccentColor;
				CODE_SIGN_STYLE = Automatic;
				CURRENT_PROJECT_VERSION = 1;
				GENERATE_INFOPLIST_FILE = YES;
				INFOPLIST_FILE = "Netflix Clone/Info.plist";
				INFOPLIST_KEY_UIApplicationSupportsIndirectInputEvents = YES;
				INFOPLIST_KEY_UILaunchStoryboardName = LaunchScreen;
				INFOPLIST_KEY_UISupportedInterfaceOrientations_iPad = "UIInterfaceOrientationPortrait UIInterfaceOrientationPortraitUpsideDown UIInterfaceOrientationLandscapeLeft UIInterfaceOrientationLandscapeRight";
				INFOPLIST_KEY_UISupportedInterfaceOrientations_iPhone = "UIInterfaceOrientationPortrait UIInterfaceOrientationLandscapeLeft UIInterfaceOrientationLandscapeRight";
				LD_RUNPATH_SEARCH_PATHS = (
					"$(inherited)",
					"@executable_path/Frameworks",
				);
				MARKETING_VERSION = 1.0;
				PRODUCT_BUNDLE_IDENTIFIER = "rauan.Netflix-Clone";
				PRODUCT_NAME = "$(TARGET_NAME)";
				SWIFT_EMIT_LOC_STRINGS = YES;
				SWIFT_VERSION = 5.0;
				TARGETED_DEVICE_FAMILY = "1,2";
			};
			name = Release;
		};
/* End XCBuildConfiguration section */

/* Begin XCConfigurationList section */
		57608DEE2859A0C200BE6EC6 /* Build configuration list for PBXProject "Netflix Clone" */ = {
			isa = XCConfigurationList;
			buildConfigurations = (
				57608E052859A0C300BE6EC6 /* Debug */,
				57608E062859A0C300BE6EC6 /* Release */,
			);
			defaultConfigurationIsVisible = 0;
			defaultConfigurationName = Release;
		};
		57608E072859A0C300BE6EC6 /* Build configuration list for PBXNativeTarget "Netflix Clone" */ = {
			isa = XCConfigurationList;
			buildConfigurations = (
				57608E082859A0C300BE6EC6 /* Debug */,
				57608E092859A0C300BE6EC6 /* Release */,
			);
			defaultConfigurationIsVisible = 0;
			defaultConfigurationName = Release;
		};
/* End XCConfigurationList section */

/* Begin XCRemoteSwiftPackageReference section */
		570480C5286371F900173236 /* XCRemoteSwiftPackageReference "Kingfisher" */ = {
			isa = XCRemoteSwiftPackageReference;
			repositoryURL = "https://github.com/onevcat/Kingfisher";
			requirement = {
				kind = upToNextMajorVersion;
				minimumVersion = 7.0.0;
			};
		};
/* End XCRemoteSwiftPackageReference section */

/* Begin XCSwiftPackageProductDependency section */
		570480C6286371F900173236 /* Kingfisher */ = {
			isa = XCSwiftPackageProductDependency;
			package = 570480C5286371F900173236 /* XCRemoteSwiftPackageReference "Kingfisher" */;
			productName = Kingfisher;
		};
/* End XCSwiftPackageProductDependency section */
	};
	rootObject = 57608DEB2859A0C200BE6EC6 /* Project object */;
}
